
Microsoft Visual Studio Solution File, Format Version 12.00
# Visual Studio Version 16
VisualStudioVersion = 16.0.29409.12
MinimumVisualStudioVersion = 10.0.40219.1
Project("{9A19103F-16F7-4668-BE54-9A1E7A4F7556}") = "Easypeasy.User.Service", "Easypeasy.User.Service\Easypeasy.User.Service.csproj", "{57C6E0EC-411A-4C5F-9D1E-2C35E786A63C}"
EndProject
Project("{FAE04EC0-301F-11D3-BF4B-00C04F79EFBC}") = "Easypeasy.User.Service.Test", "Easypeasy.User.Service.Test\Easypeasy.User.Service.Test.csproj", "{A6F0E3DD-2461-41CA-9828-9C45FEC8FD84}"
EndProject
Global
	GlobalSection(SolutionConfigurationPlatforms) = preSolution
		Debug|Any CPU = Debug|Any CPU
		Release|Any CPU = Release|Any CPU
	EndGlobalSection
	GlobalSection(ProjectConfigurationPlatforms) = postSolution
		{57C6E0EC-411A-4C5F-9D1E-2C35E786A63C}.Debug|Any CPU.ActiveCfg = Debug|Any CPU
		{57C6E0EC-411A-4C5F-9D1E-2C35E786A63C}.Debug|Any CPU.Build.0 = Debug|Any CPU
		{57C6E0EC-411A-4C5F-9D1E-2C35E786A63C}.Release|Any CPU.ActiveCfg = Release|Any CPU
		{57C6E0EC-411A-4C5F-9D1E-2C35E786A63C}.Release|Any CPU.Build.0 = Release|Any CPU
		{A6F0E3DD-2461-41CA-9828-9C45FEC8FD84}.Debug|Any CPU.ActiveCfg = Debug|Any CPU
		{A6F0E3DD-2461-41CA-9828-9C45FEC8FD84}.Debug|Any CPU.Build.0 = Debug|Any CPU
		{A6F0E3DD-2461-41CA-9828-9C45FEC8FD84}.Release|Any CPU.ActiveCfg = Release|Any CPU
		{A6F0E3DD-2461-41CA-9828-9C45FEC8FD84}.Release|Any CPU.Build.0 = Release|Any CPU
	EndGlobalSection
	GlobalSection(SolutionProperties) = preSolution
		HideSolutionNode = FALSE
	EndGlobalSection
	GlobalSection(ExtensibilityGlobals) = postSolution
		SolutionGuid = {E96C03B7-C54C-43DC-8CF5-83AD53D8068B}
	EndGlobalSection
EndGlobal
